
Microsoft Visual Studio Solution File, Format Version 12.00
# Visual Studio Version 17
VisualStudioVersion = 17.14.36127.28
MinimumVisualStudioVersion = 10.0.40219.1
Project("{9A19103F-16F7-4668-BE54-9A1E7A4F7556}") = "PORTFOLIOWEBSITE", "PORTFOLIOWEBSITE\PORTFOLIOWEBSITE.csproj", "{3CFDC723-BA3B-45A3-B619-3935CB7E0CAD}"
EndProject
Global
	GlobalSection(SolutionConfigurationPlatforms) = preSolution
		Debug|Any CPU = Debug|Any CPU
		Release|Any CPU = Release|Any CPU
	EndGlobalSection
	GlobalSection(ProjectConfigurationPlatforms) = postSolution
		{3CFDC723-BA3B-45A3-B619-3935CB7E0CAD}.Debug|Any CPU.ActiveCfg = Debug|Any CPU
		{3CFDC723-BA3B-45A3-B619-3935CB7E0CAD}.Debug|Any CPU.Build.0 = Debug|Any CPU
		{3CFDC723-BA3B-45A3-B619-3935CB7E0CAD}.Release|Any CPU.ActiveCfg = Release|Any CPU
		{3CFDC723-BA3B-45A3-B619-3935CB7E0CAD}.Release|Any CPU.Build.0 = Release|Any CPU
	EndGlobalSection
	GlobalSection(SolutionProperties) = preSolution
		HideSolutionNode = FALSE
	EndGlobalSection
	GlobalSection(ExtensibilityGlobals) = postSolution
		SolutionGuid = {AE80E45D-31AB-4633-AE5A-CADA4C1723A1}
	EndGlobalSection
EndGlobal
